// !$*UTF8*$!
{
	archiveVersion = 1;
	classes = {
	};
	objectVersion = 50;
	objects = {

/* Begin PBXBuildFile section */
		ABE01FE024694875004A8BE3 /* GameScreenTotalView.swift in Sources */ = {isa = PBXBuildFile; fileRef = ABE01FDF24694875004A8BE3 /* GameScreenTotalView.swift */; };
		ABE01FE224695220004A8BE3 /* CircleView.swift in Sources */ = {isa = PBXBuildFile; fileRef = ABE01FE124695220004A8BE3 /* CircleView.swift */; };
		ABE01FE6246966F7004A8BE3 /* GameInfoViewModel.swift in Sources */ = {isa = PBXBuildFile; fileRef = ABE01FE5246966F7004A8BE3 /* GameInfoViewModel.swift */; };
		ABE01FE824696ADA004A8BE3 /* GameScoreViewModel.swift in Sources */ = {isa = PBXBuildFile; fileRef = ABE01FE724696ADA004A8BE3 /* GameScoreViewModel.swift */; };
		ABE01FEA24696B0F004A8BE3 /* CurrentPlayer.swift in Sources */ = {isa = PBXBuildFile; fileRef = ABE01FE924696B0F004A8BE3 /* CurrentPlayer.swift */; };
		ABE01FEC246A8C89004A8BE3 /* MainGameList.swift in Sources */ = {isa = PBXBuildFile; fileRef = ABE01FEB246A8C89004A8BE3 /* MainGameList.swift */; };
		ABE01FEE246AB32E004A8BE3 /* TeamSelectResult.swift in Sources */ = {isa = PBXBuildFile; fileRef = ABE01FED246AB32E004A8BE3 /* TeamSelectResult.swift */; };
		ABE01FF0246AF421004A8BE3 /* GameProgressInfo.swift in Sources */ = {isa = PBXBuildFile; fileRef = ABE01FEF246AF421004A8BE3 /* GameProgressInfo.swift */; };
		ABE01FF2246C439D004A8BE3 /* CurrentPlayerView.swift in Sources */ = {isa = PBXBuildFile; fileRef = ABE01FF1246C439D004A8BE3 /* CurrentPlayerView.swift */; };
		ABF9089E2461572400F08D21 /* AppDelegate.swift in Sources */ = {isa = PBXBuildFile; fileRef = ABF9089D2461572400F08D21 /* AppDelegate.swift */; };
		ABF908A02461572400F08D21 /* SceneDelegate.swift in Sources */ = {isa = PBXBuildFile; fileRef = ABF9089F2461572400F08D21 /* SceneDelegate.swift */; };
		ABF908A22461572400F08D21 /* GameSelectViewController.swift in Sources */ = {isa = PBXBuildFile; fileRef = ABF908A12461572400F08D21 /* GameSelectViewController.swift */; };
		ABF908A52461572400F08D21 /* Main.storyboard in Resources */ = {isa = PBXBuildFile; fileRef = ABF908A32461572400F08D21 /* Main.storyboard */; };
		ABF908A72461572500F08D21 /* Assets.xcassets in Resources */ = {isa = PBXBuildFile; fileRef = ABF908A62461572500F08D21 /* Assets.xcassets */; };
		ABF908AA2461572500F08D21 /* LaunchScreen.storyboard in Resources */ = {isa = PBXBuildFile; fileRef = ABF908A82461572500F08D21 /* LaunchScreen.storyboard */; };
		ABF908B224625DA000F08D21 /* GameTabController.swift in Sources */ = {isa = PBXBuildFile; fileRef = ABF908B124625DA000F08D21 /* GameTabController.swift */; };
		ABF908C2246311E100F08D21 /* GameSelectView.swift in Sources */ = {isa = PBXBuildFile; fileRef = ABF908C0246311E100F08D21 /* GameSelectView.swift */; };
		ABF908C3246311E100F08D21 /* GameSelectView.xib in Resources */ = {isa = PBXBuildFile; fileRef = ABF908C1246311E100F08D21 /* GameSelectView.xib */; };
		ABF908C52463C5B300F08D21 /* TeamSelectViewController.swift in Sources */ = {isa = PBXBuildFile; fileRef = ABF908C42463C5B300F08D21 /* TeamSelectViewController.swift */; };
		ABF908C72463C7A800F08D21 /* TeamSelectButton.swift in Sources */ = {isa = PBXBuildFile; fileRef = ABF908C62463C7A800F08D21 /* TeamSelectButton.swift */; };
		ABF908CE24669B3E00F08D21 /* GameLogCell.swift in Sources */ = {isa = PBXBuildFile; fileRef = ABF908CD24669B3E00F08D21 /* GameLogCell.swift */; };
		ABF908D024669DC000F08D21 /* TeamScoreView.swift in Sources */ = {isa = PBXBuildFile; fileRef = ABF908CF24669DC000F08D21 /* TeamScoreView.swift */; };
		ABF908D22466A02800F08D21 /* GameScreenView.swift in Sources */ = {isa = PBXBuildFile; fileRef = ABF908D12466A02800F08D21 /* GameScreenView.swift */; };
		ABF908E02466CFFC00F08D21 /* GameViewController.swift in Sources */ = {isa = PBXBuildFile; fileRef = ABF908DF2466CFFC00F08D21 /* GameViewController.swift */; };
		ABF908E42467DD1B00F08D21 /* GameProgressView.swift in Sources */ = {isa = PBXBuildFile; fileRef = ABF908E32467DD1B00F08D21 /* GameProgressView.swift */; };
		ABF908E62467E24600F08D21 /* NetworkManager.swift in Sources */ = {isa = PBXBuildFile; fileRef = ABF908E52467E24600F08D21 /* NetworkManager.swift */; };
		ABF908E82467E25800F08D21 /* DataUseCase.swift in Sources */ = {isa = PBXBuildFile; fileRef = ABF908E72467E25800F08D21 /* DataUseCase.swift */; };
		ABF908EF2468188200F08D21 /* GameSelectViewModel.swift in Sources */ = {isa = PBXBuildFile; fileRef = ABF908EE2468188200F08D21 /* GameSelectViewModel.swift */; };
/* End PBXBuildFile section */

/* Begin PBXFileReference section */
		ABE01FDF24694875004A8BE3 /* GameScreenTotalView.swift */ = {isa = PBXFileReference; lastKnownFileType = sourcecode.swift; path = GameScreenTotalView.swift; sourceTree = "<group>"; };
		ABE01FE124695220004A8BE3 /* CircleView.swift */ = {isa = PBXFileReference; lastKnownFileType = sourcecode.swift; path = CircleView.swift; sourceTree = "<group>"; };
		ABE01FE5246966F7004A8BE3 /* GameInfoViewModel.swift */ = {isa = PBXFileReference; lastKnownFileType = sourcecode.swift; path = GameInfoViewModel.swift; sourceTree = "<group>"; };
		ABE01FE724696ADA004A8BE3 /* GameScoreViewModel.swift */ = {isa = PBXFileReference; lastKnownFileType = sourcecode.swift; path = GameScoreViewModel.swift; sourceTree = "<group>"; };
		ABE01FE924696B0F004A8BE3 /* CurrentPlayer.swift */ = {isa = PBXFileReference; lastKnownFileType = sourcecode.swift; path = CurrentPlayer.swift; sourceTree = "<group>"; };
		ABE01FEB246A8C89004A8BE3 /* MainGameList.swift */ = {isa = PBXFileReference; lastKnownFileType = sourcecode.swift; path = MainGameList.swift; sourceTree = "<group>"; };
		ABE01FED246AB32E004A8BE3 /* TeamSelectResult.swift */ = {isa = PBXFileReference; lastKnownFileType = sourcecode.swift; path = TeamSelectResult.swift; sourceTree = "<group>"; };
		ABE01FEF246AF421004A8BE3 /* GameProgressInfo.swift */ = {isa = PBXFileReference; lastKnownFileType = sourcecode.swift; path = GameProgressInfo.swift; sourceTree = "<group>"; };
		ABE01FF1246C439D004A8BE3 /* CurrentPlayerView.swift */ = {isa = PBXFileReference; lastKnownFileType = sourcecode.swift; path = CurrentPlayerView.swift; sourceTree = "<group>"; };
		ABF9089A2461572400F08D21 /* BaseBallApp.app */ = {isa = PBXFileReference; explicitFileType = wrapper.application; includeInIndex = 0; path = BaseBallApp.app; sourceTree = BUILT_PRODUCTS_DIR; };
		ABF9089D2461572400F08D21 /* AppDelegate.swift */ = {isa = PBXFileReference; lastKnownFileType = sourcecode.swift; path = AppDelegate.swift; sourceTree = "<group>"; };
		ABF9089F2461572400F08D21 /* SceneDelegate.swift */ = {isa = PBXFileReference; lastKnownFileType = sourcecode.swift; path = SceneDelegate.swift; sourceTree = "<group>"; };
		ABF908A12461572400F08D21 /* GameSelectViewController.swift */ = {isa = PBXFileReference; lastKnownFileType = sourcecode.swift; path = GameSelectViewController.swift; sourceTree = "<group>"; };
		ABF908A42461572400F08D21 /* Base */ = {isa = PBXFileReference; lastKnownFileType = file.storyboard; name = Base; path = Base.lproj/Main.storyboard; sourceTree = "<group>"; };
		ABF908A62461572500F08D21 /* Assets.xcassets */ = {isa = PBXFileReference; lastKnownFileType = folder.assetcatalog; path = Assets.xcassets; sourceTree = "<group>"; };
		ABF908A92461572500F08D21 /* Base */ = {isa = PBXFileReference; lastKnownFileType = file.storyboard; name = Base; path = Base.lproj/LaunchScreen.storyboard; sourceTree = "<group>"; };
		ABF908AB2461572500F08D21 /* Info.plist */ = {isa = PBXFileReference; lastKnownFileType = text.plist.xml; path = Info.plist; sourceTree = "<group>"; };
		ABF908B124625DA000F08D21 /* GameTabController.swift */ = {isa = PBXFileReference; lastKnownFileType = sourcecode.swift; path = GameTabController.swift; sourceTree = "<group>"; };
		ABF908C0246311E100F08D21 /* GameSelectView.swift */ = {isa = PBXFileReference; lastKnownFileType = sourcecode.swift; path = GameSelectView.swift; sourceTree = "<group>"; };
		ABF908C1246311E100F08D21 /* GameSelectView.xib */ = {isa = PBXFileReference; lastKnownFileType = file.xib; path = GameSelectView.xib; sourceTree = "<group>"; };
		ABF908C42463C5B300F08D21 /* TeamSelectViewController.swift */ = {isa = PBXFileReference; lastKnownFileType = sourcecode.swift; path = TeamSelectViewController.swift; sourceTree = "<group>"; };
		ABF908C62463C7A800F08D21 /* TeamSelectButton.swift */ = {isa = PBXFileReference; lastKnownFileType = sourcecode.swift; path = TeamSelectButton.swift; sourceTree = "<group>"; };
		ABF908CD24669B3E00F08D21 /* GameLogCell.swift */ = {isa = PBXFileReference; lastKnownFileType = sourcecode.swift; path = GameLogCell.swift; sourceTree = "<group>"; };
		ABF908CF24669DC000F08D21 /* TeamScoreView.swift */ = {isa = PBXFileReference; lastKnownFileType = sourcecode.swift; path = TeamScoreView.swift; sourceTree = "<group>"; };
		ABF908D12466A02800F08D21 /* GameScreenView.swift */ = {isa = PBXFileReference; lastKnownFileType = sourcecode.swift; path = GameScreenView.swift; sourceTree = "<group>"; };
		ABF908DF2466CFFC00F08D21 /* GameViewController.swift */ = {isa = PBXFileReference; lastKnownFileType = sourcecode.swift; path = GameViewController.swift; sourceTree = "<group>"; };
		ABF908E32467DD1B00F08D21 /* GameProgressView.swift */ = {isa = PBXFileReference; lastKnownFileType = sourcecode.swift; path = GameProgressView.swift; sourceTree = "<group>"; };
		ABF908E52467E24600F08D21 /* NetworkManager.swift */ = {isa = PBXFileReference; lastKnownFileType = sourcecode.swift; path = NetworkManager.swift; sourceTree = "<group>"; };
		ABF908E72467E25800F08D21 /* DataUseCase.swift */ = {isa = PBXFileReference; lastKnownFileType = sourcecode.swift; path = DataUseCase.swift; sourceTree = "<group>"; };
		ABF908EE2468188200F08D21 /* GameSelectViewModel.swift */ = {isa = PBXFileReference; lastKnownFileType = sourcecode.swift; path = GameSelectViewModel.swift; sourceTree = "<group>"; };
/* End PBXFileReference section */

/* Begin PBXFrameworksBuildPhase section */
		ABF908972461572400F08D21 /* Frameworks */ = {
			isa = PBXFrameworksBuildPhase;
			buildActionMask = 2147483647;
			files = (
			);
			runOnlyForDeploymentPostprocessing = 0;
		};
/* End PBXFrameworksBuildPhase section */

/* Begin PBXGroup section */
		ABF908912461572400F08D21 = {
			isa = PBXGroup;
			children = (
				ABF9089C2461572400F08D21 /* BaseBallApp */,
				ABF9089B2461572400F08D21 /* Products */,
			);
			sourceTree = "<group>";
		};
		ABF9089B2461572400F08D21 /* Products */ = {
			isa = PBXGroup;
			children = (
				ABF9089A2461572400F08D21 /* BaseBallApp.app */,
			);
			name = Products;
			sourceTree = "<group>";
		};
		ABF9089C2461572400F08D21 /* BaseBallApp */ = {
			isa = PBXGroup;
			children = (
				ABF908EB2467EE0C00F08D21 /* ViewModel */,
				ABF908BB2462796B00F08D21 /* Controller */,
				ABF908BA2462795300F08D21 /* View */,
				ABF908B92462794D00F08D21 /* Model */,
				ABF908CA24651E3200F08D21 /* Util */,
				ABF9089D2461572400F08D21 /* AppDelegate.swift */,
				ABF9089F2461572400F08D21 /* SceneDelegate.swift */,
				ABF908A32461572400F08D21 /* Main.storyboard */,
				ABF908A62461572500F08D21 /* Assets.xcassets */,
				ABF908A82461572500F08D21 /* LaunchScreen.storyboard */,
				ABF908AB2461572500F08D21 /* Info.plist */,
			);
			path = BaseBallApp;
			sourceTree = "<group>";
		};
		ABF908B92462794D00F08D21 /* Model */ = {
			isa = PBXGroup;
			children = (
				ABE01FEB246A8C89004A8BE3 /* MainGameList.swift */,
				ABE01FED246AB32E004A8BE3 /* TeamSelectResult.swift */,
				ABE01FEF246AF421004A8BE3 /* GameProgressInfo.swift */,
			);
			path = Model;
			sourceTree = "<group>";
		};
		ABF908BA2462795300F08D21 /* View */ = {
			isa = PBXGroup;
			children = (
				ABF908D32466A03D00F08D21 /* MainView */,
				ABF908D42466A05100F08D21 /* GameView */,
				ABF908D52466A07100F08D21 /* ScoreView */,
			);
			path = View;
			sourceTree = "<group>";
		};
		ABF908BB2462796B00F08D21 /* Controller */ = {
			isa = PBXGroup;
			children = (
				ABF908A12461572400F08D21 /* GameSelectViewController.swift */,
				ABF908C42463C5B300F08D21 /* TeamSelectViewController.swift */,
				ABF908B124625DA000F08D21 /* GameTabController.swift */,
				ABF908DF2466CFFC00F08D21 /* GameViewController.swift */,
			);
			path = Controller;
			sourceTree = "<group>";
		};
		ABF908CA24651E3200F08D21 /* Util */ = {
			isa = PBXGroup;
			children = (
				ABF908E72467E25800F08D21 /* DataUseCase.swift */,
				ABF908E52467E24600F08D21 /* NetworkManager.swift */,
			);
			path = Util;
			sourceTree = "<group>";
		};
		ABF908D32466A03D00F08D21 /* MainView */ = {
			isa = PBXGroup;
			children = (
				ABF908C0246311E100F08D21 /* GameSelectView.swift */,
				ABF908C1246311E100F08D21 /* GameSelectView.xib */,
				ABF908C62463C7A800F08D21 /* TeamSelectButton.swift */,
			);
			path = MainView;
			sourceTree = "<group>";
		};
		ABF908D42466A05100F08D21 /* GameView */ = {
			isa = PBXGroup;
			children = (
				ABF908DE2466CEFD00F08D21 /* GameScreen */,
				ABF908CF24669DC000F08D21 /* TeamScoreView.swift */,
				ABE01FF1246C439D004A8BE3 /* CurrentPlayerView.swift */,
				ABF908CD24669B3E00F08D21 /* GameLogCell.swift */,
			);
			path = GameView;
			sourceTree = "<group>";
		};
		ABF908D52466A07100F08D21 /* ScoreView */ = {
			isa = PBXGroup;
			children = (
			);
			path = ScoreView;
			sourceTree = "<group>";
		};
		ABF908DE2466CEFD00F08D21 /* GameScreen */ = {
			isa = PBXGroup;
			children = (
				ABE01FDF24694875004A8BE3 /* GameScreenTotalView.swift */,
				ABF908D12466A02800F08D21 /* GameScreenView.swift */,
				ABF908E32467DD1B00F08D21 /* GameProgressView.swift */,
				ABE01FE124695220004A8BE3 /* CircleView.swift */,
			);
			path = GameScreen;
			sourceTree = "<group>";
		};
		ABF908EB2467EE0C00F08D21 /* ViewModel */ = {
			isa = PBXGroup;
			children = (
				ABF908EE2468188200F08D21 /* GameSelectViewModel.swift */,
				ABE01FE5246966F7004A8BE3 /* GameInfoViewModel.swift */,
				ABE01FE724696ADA004A8BE3 /* GameScoreViewModel.swift */,
				ABE01FE924696B0F004A8BE3 /* CurrentPlayer.swift */,
			);
			path = ViewModel;
			sourceTree = "<group>";
		};
/* End PBXGroup section */

/* Begin PBXNativeTarget section */
		ABF908992461572400F08D21 /* BaseBallApp */ = {
			isa = PBXNativeTarget;
			buildConfigurationList = ABF908AE2461572500F08D21 /* Build configuration list for PBXNativeTarget "BaseBallApp" */;
			buildPhases = (
				ABF908962461572400F08D21 /* Sources */,
				ABF908972461572400F08D21 /* Frameworks */,
				ABF908982461572400F08D21 /* Resources */,
			);
			buildRules = (
			);
			dependencies = (
			);
			name = BaseBallApp;
			productName = BaseBallApp;
			productReference = ABF9089A2461572400F08D21 /* BaseBallApp.app */;
			productType = "com.apple.product-type.application";
		};
/* End PBXNativeTarget section */

/* Begin PBXProject section */
		ABF908922461572400F08D21 /* Project object */ = {
			isa = PBXProject;
			attributes = {
				LastSwiftUpdateCheck = 1130;
				LastUpgradeCheck = 1130;
				ORGANIZATIONNAME = "임승혁";
				TargetAttributes = {
					ABF908992461572400F08D21 = {
						CreatedOnToolsVersion = 11.3.1;
					};
				};
			};
			buildConfigurationList = ABF908952461572400F08D21 /* Build configuration list for PBXProject "BaseBallApp" */;
			compatibilityVersion = "Xcode 9.3";
			developmentRegion = en;
			hasScannedForEncodings = 0;
			knownRegions = (
				en,
				Base,
			);
			mainGroup = ABF908912461572400F08D21;
			productRefGroup = ABF9089B2461572400F08D21 /* Products */;
			projectDirPath = "";
			projectRoot = "";
			targets = (
				ABF908992461572400F08D21 /* BaseBallApp */,
			);
		};
/* End PBXProject section */

/* Begin PBXResourcesBuildPhase section */
		ABF908982461572400F08D21 /* Resources */ = {
			isa = PBXResourcesBuildPhase;
			buildActionMask = 2147483647;
			files = (
				ABF908C3246311E100F08D21 /* GameSelectView.xib in Resources */,
				ABF908AA2461572500F08D21 /* LaunchScreen.storyboard in Resources */,
				ABF908A72461572500F08D21 /* Assets.xcassets in Resources */,
				ABF908A52461572400F08D21 /* Main.storyboard in Resources */,
			);
			runOnlyForDeploymentPostprocessing = 0;
		};
/* End PBXResourcesBuildPhase section */

/* Begin PBXSourcesBuildPhase section */
		ABF908962461572400F08D21 /* Sources */ = {
			isa = PBXSourcesBuildPhase;
			buildActionMask = 2147483647;
			files = (
				ABF908C52463C5B300F08D21 /* TeamSelectViewController.swift in Sources */,
				ABE01FEC246A8C89004A8BE3 /* MainGameList.swift in Sources */,
				ABE01FE224695220004A8BE3 /* CircleView.swift in Sources */,
				ABF908CE24669B3E00F08D21 /* GameLogCell.swift in Sources */,
				ABF908E82467E25800F08D21 /* DataUseCase.swift in Sources */,
				ABE01FE6246966F7004A8BE3 /* GameInfoViewModel.swift in Sources */,
				ABF908A22461572400F08D21 /* GameSelectViewController.swift in Sources */,
				ABF908EF2468188200F08D21 /* GameSelectViewModel.swift in Sources */,
				ABF908C2246311E100F08D21 /* GameSelectView.swift in Sources */,
				ABE01FEA24696B0F004A8BE3 /* CurrentPlayer.swift in Sources */,
				ABF908C72463C7A800F08D21 /* TeamSelectButton.swift in Sources */,
				ABE01FF0246AF421004A8BE3 /* GameProgressInfo.swift in Sources */,
				ABF9089E2461572400F08D21 /* AppDelegate.swift in Sources */,
				ABE01FF2246C439D004A8BE3 /* CurrentPlayerView.swift in Sources */,
				ABE01FE024694875004A8BE3 /* GameScreenTotalView.swift in Sources */,
				ABF908D22466A02800F08D21 /* GameScreenView.swift in Sources */,
				ABF908E62467E24600F08D21 /* NetworkManager.swift in Sources */,
				ABF908E02466CFFC00F08D21 /* GameViewController.swift in Sources */,
				ABF908E42467DD1B00F08D21 /* GameProgressView.swift in Sources */,
				ABE01FE824696ADA004A8BE3 /* GameScoreViewModel.swift in Sources */,
				ABF908A02461572400F08D21 /* SceneDelegate.swift in Sources */,
				ABE01FEE246AB32E004A8BE3 /* TeamSelectResult.swift in Sources */,
				ABF908D024669DC000F08D21 /* TeamScoreView.swift in Sources */,
				ABF908B224625DA000F08D21 /* GameTabController.swift in Sources */,
			);
			runOnlyForDeploymentPostprocessing = 0;
		};
/* End PBXSourcesBuildPhase section */

/* Begin PBXVariantGroup section */
		ABF908A32461572400F08D21 /* Main.storyboard */ = {
			isa = PBXVariantGroup;
			children = (
				ABF908A42461572400F08D21 /* Base */,
			);
			name = Main.storyboard;
			sourceTree = "<group>";
		};
		ABF908A82461572500F08D21 /* LaunchScreen.storyboard */ = {
			isa = PBXVariantGroup;
			children = (
				ABF908A92461572500F08D21 /* Base */,
			);
			name = LaunchScreen.storyboard;
			sourceTree = "<group>";
		};
/* End PBXVariantGroup section */

/* Begin XCBuildConfiguration section */
		ABF908AC2461572500F08D21 /* Debug */ = {
			isa = XCBuildConfiguration;
			buildSettings = {
				ALWAYS_SEARCH_USER_PATHS = NO;
				CLANG_ANALYZER_NONNULL = YES;
				CLANG_ANALYZER_NUMBER_OBJECT_CONVERSION = YES_AGGRESSIVE;
				CLANG_CXX_LANGUAGE_STANDARD = "gnu++14";
				CLANG_CXX_LIBRARY = "libc++";
				CLANG_ENABLE_MODULES = YES;
				CLANG_ENABLE_OBJC_ARC = YES;
				CLANG_ENABLE_OBJC_WEAK = YES;
				CLANG_WARN_BLOCK_CAPTURE_AUTORELEASING = YES;
				CLANG_WARN_BOOL_CONVERSION = YES;
				CLANG_WARN_COMMA = YES;
				CLANG_WARN_CONSTANT_CONVERSION = YES;
				CLANG_WARN_DEPRECATED_OBJC_IMPLEMENTATIONS = YES;
				CLANG_WARN_DIRECT_OBJC_ISA_USAGE = YES_ERROR;
				CLANG_WARN_DOCUMENTATION_COMMENTS = YES;
				CLANG_WARN_EMPTY_BODY = YES;
				CLANG_WARN_ENUM_CONVERSION = YES;
				CLANG_WARN_INFINITE_RECURSION = YES;
				CLANG_WARN_INT_CONVERSION = YES;
				CLANG_WARN_NON_LITERAL_NULL_CONVERSION = YES;
				CLANG_WARN_OBJC_IMPLICIT_RETAIN_SELF = YES;
				CLANG_WARN_OBJC_LITERAL_CONVERSION = YES;
				CLANG_WARN_OBJC_ROOT_CLASS = YES_ERROR;
				CLANG_WARN_RANGE_LOOP_ANALYSIS = YES;
				CLANG_WARN_STRICT_PROTOTYPES = YES;
				CLANG_WARN_SUSPICIOUS_MOVE = YES;
				CLANG_WARN_UNGUARDED_AVAILABILITY = YES_AGGRESSIVE;
				CLANG_WARN_UNREACHABLE_CODE = YES;
				CLANG_WARN__DUPLICATE_METHOD_MATCH = YES;
				COPY_PHASE_STRIP = NO;
				DEBUG_INFORMATION_FORMAT = dwarf;
				ENABLE_STRICT_OBJC_MSGSEND = YES;
				ENABLE_TESTABILITY = YES;
				GCC_C_LANGUAGE_STANDARD = gnu11;
				GCC_DYNAMIC_NO_PIC = NO;
				GCC_NO_COMMON_BLOCKS = YES;
				GCC_OPTIMIZATION_LEVEL = 0;
				GCC_PREPROCESSOR_DEFINITIONS = (
					"DEBUG=1",
					"$(inherited)",
				);
				GCC_WARN_64_TO_32_BIT_CONVERSION = YES;
				GCC_WARN_ABOUT_RETURN_TYPE = YES_ERROR;
				GCC_WARN_UNDECLARED_SELECTOR = YES;
				GCC_WARN_UNINITIALIZED_AUTOS = YES_AGGRESSIVE;
				GCC_WARN_UNUSED_FUNCTION = YES;
				GCC_WARN_UNUSED_VARIABLE = YES;
				IPHONEOS_DEPLOYMENT_TARGET = 13.2;
				MTL_ENABLE_DEBUG_INFO = INCLUDE_SOURCE;
				MTL_FAST_MATH = YES;
				ONLY_ACTIVE_ARCH = YES;
				SDKROOT = iphoneos;
				SWIFT_ACTIVE_COMPILATION_CONDITIONS = DEBUG;
				SWIFT_OPTIMIZATION_LEVEL = "-Onone";
			};
			name = Debug;
		};
		ABF908AD2461572500F08D21 /* Release */ = {
			isa = XCBuildConfiguration;
			buildSettings = {
				ALWAYS_SEARCH_USER_PATHS = NO;
				CLANG_ANALYZER_NONNULL = YES;
				CLANG_ANALYZER_NUMBER_OBJECT_CONVERSION = YES_AGGRESSIVE;
				CLANG_CXX_LANGUAGE_STANDARD = "gnu++14";
				CLANG_CXX_LIBRARY = "libc++";
				CLANG_ENABLE_MODULES = YES;
				CLANG_ENABLE_OBJC_ARC = YES;
				CLANG_ENABLE_OBJC_WEAK = YES;
				CLANG_WARN_BLOCK_CAPTURE_AUTORELEASING = YES;
				CLANG_WARN_BOOL_CONVERSION = YES;
				CLANG_WARN_COMMA = YES;
				CLANG_WARN_CONSTANT_CONVERSION = YES;
				CLANG_WARN_DEPRECATED_OBJC_IMPLEMENTATIONS = YES;
				CLANG_WARN_DIRECT_OBJC_ISA_USAGE = YES_ERROR;
				CLANG_WARN_DOCUMENTATION_COMMENTS = YES;
				CLANG_WARN_EMPTY_BODY = YES;
				CLANG_WARN_ENUM_CONVERSION = YES;
				CLANG_WARN_INFINITE_RECURSION = YES;
				CLANG_WARN_INT_CONVERSION = YES;
				CLANG_WARN_NON_LITERAL_NULL_CONVERSION = YES;
				CLANG_WARN_OBJC_IMPLICIT_RETAIN_SELF = YES;
				CLANG_WARN_OBJC_LITERAL_CONVERSION = YES;
				CLANG_WARN_OBJC_ROOT_CLASS = YES_ERROR;
				CLANG_WARN_RANGE_LOOP_ANALYSIS = YES;
				CLANG_WARN_STRICT_PROTOTYPES = YES;
				CLANG_WARN_SUSPICIOUS_MOVE = YES;
				CLANG_WARN_UNGUARDED_AVAILABILITY = YES_AGGRESSIVE;
				CLANG_WARN_UNREACHABLE_CODE = YES;
				CLANG_WARN__DUPLICATE_METHOD_MATCH = YES;
				COPY_PHASE_STRIP = NO;
				DEBUG_INFORMATION_FORMAT = "dwarf-with-dsym";
				ENABLE_NS_ASSERTIONS = NO;
				ENABLE_STRICT_OBJC_MSGSEND = YES;
				GCC_C_LANGUAGE_STANDARD = gnu11;
				GCC_NO_COMMON_BLOCKS = YES;
				GCC_WARN_64_TO_32_BIT_CONVERSION = YES;
				GCC_WARN_ABOUT_RETURN_TYPE = YES_ERROR;
				GCC_WARN_UNDECLARED_SELECTOR = YES;
				GCC_WARN_UNINITIALIZED_AUTOS = YES_AGGRESSIVE;
				GCC_WARN_UNUSED_FUNCTION = YES;
				GCC_WARN_UNUSED_VARIABLE = YES;
				IPHONEOS_DEPLOYMENT_TARGET = 13.2;
				MTL_ENABLE_DEBUG_INFO = NO;
				MTL_FAST_MATH = YES;
				SDKROOT = iphoneos;
				SWIFT_COMPILATION_MODE = wholemodule;
				SWIFT_OPTIMIZATION_LEVEL = "-O";
				VALIDATE_PRODUCT = YES;
			};
			name = Release;
		};
		ABF908AF2461572500F08D21 /* Debug */ = {
			isa = XCBuildConfiguration;
			buildSettings = {
				ASSETCATALOG_COMPILER_APPICON_NAME = AppIcon;
				CODE_SIGN_STYLE = Automatic;
				DEVELOPMENT_TEAM = PD6NDXJV23;
				INFOPLIST_FILE = BaseBallApp/Info.plist;
				LD_RUNPATH_SEARCH_PATHS = (
					"$(inherited)",
					"@executable_path/Frameworks",
				);
				PRODUCT_BUNDLE_IDENTIFIER = Limwin.BaseBallApp;
				PRODUCT_NAME = "$(TARGET_NAME)";
				SWIFT_VERSION = 5.0;
				TARGETED_DEVICE_FAMILY = "1,2";
			};
			name = Debug;
		};
		ABF908B02461572500F08D21 /* Release */ = {
			isa = XCBuildConfiguration;
			buildSettings = {
				ASSETCATALOG_COMPILER_APPICON_NAME = AppIcon;
				CODE_SIGN_STYLE = Automatic;
				DEVELOPMENT_TEAM = PD6NDXJV23;
				INFOPLIST_FILE = BaseBallApp/Info.plist;
				LD_RUNPATH_SEARCH_PATHS = (
					"$(inherited)",
					"@executable_path/Frameworks",
				);
				PRODUCT_BUNDLE_IDENTIFIER = Limwin.BaseBallApp;
				PRODUCT_NAME = "$(TARGET_NAME)";
				SWIFT_VERSION = 5.0;
				TARGETED_DEVICE_FAMILY = "1,2";
			};
			name = Release;
		};
/* End XCBuildConfiguration section */

/* Begin XCConfigurationList section */
		ABF908952461572400F08D21 /* Build configuration list for PBXProject "BaseBallApp" */ = {
			isa = XCConfigurationList;
			buildConfigurations = (
				ABF908AC2461572500F08D21 /* Debug */,
				ABF908AD2461572500F08D21 /* Release */,
			);
			defaultConfigurationIsVisible = 0;
			defaultConfigurationName = Release;
		};
		ABF908AE2461572500F08D21 /* Build configuration list for PBXNativeTarget "BaseBallApp" */ = {
			isa = XCConfigurationList;
			buildConfigurations = (
				ABF908AF2461572500F08D21 /* Debug */,
				ABF908B02461572500F08D21 /* Release */,
			);
			defaultConfigurationIsVisible = 0;
			defaultConfigurationName = Release;
		};
/* End XCConfigurationList section */
	};
	rootObject = ABF908922461572400F08D21 /* Project object */;
}
